// !$*UTF8*$!
{
	archiveVersion = 1;
	classes = {
	};
	objectVersion = 46;
	objects = {

/* Begin PBXBuildFile section */
		792091361C65EC8200EA8E30 /* AppDelegate.swift in Sources */ = {isa = PBXBuildFile; fileRef = 792091351C65EC8200EA8E30 /* AppDelegate.swift */; };
		792091381C65EC8200EA8E30 /* ViewController.swift in Sources */ = {isa = PBXBuildFile; fileRef = 792091371C65EC8200EA8E30 /* ViewController.swift */; };
		7920913B1C65EC8200EA8E30 /* Main.storyboard in Resources */ = {isa = PBXBuildFile; fileRef = 792091391C65EC8200EA8E30 /* Main.storyboard */; };
		7920913D1C65EC8200EA8E30 /* Assets.xcassets in Resources */ = {isa = PBXBuildFile; fileRef = 7920913C1C65EC8200EA8E30 /* Assets.xcassets */; };
		792091401C65EC8200EA8E30 /* LaunchScreen.storyboard in Resources */ = {isa = PBXBuildFile; fileRef = 7920913E1C65EC8200EA8E30 /* LaunchScreen.storyboard */; };
		7920914B1C65EC8200EA8E30 /* DropTV_2_0Tests.swift in Sources */ = {isa = PBXBuildFile; fileRef = 7920914A1C65EC8200EA8E30 /* DropTV_2_0Tests.swift */; };
		792091561C65EC8200EA8E30 /* DropTV_2_0UITests.swift in Sources */ = {isa = PBXBuildFile; fileRef = 792091551C65EC8200EA8E30 /* DropTV_2_0UITests.swift */; };
/* End PBXBuildFile section */

/* Begin PBXContainerItemProxy section */
		792091471C65EC8200EA8E30 /* PBXContainerItemProxy */ = {
			isa = PBXContainerItemProxy;
			containerPortal = 7920912A1C65EC8200EA8E30 /* Project object */;
			proxyType = 1;
			remoteGlobalIDString = 792091311C65EC8200EA8E30;
			remoteInfo = DropTV_2.0;
		};
		792091521C65EC8200EA8E30 /* PBXContainerItemProxy */ = {
			isa = PBXContainerItemProxy;
			containerPortal = 7920912A1C65EC8200EA8E30 /* Project object */;
			proxyType = 1;
			remoteGlobalIDString = 792091311C65EC8200EA8E30;
			remoteInfo = DropTV_2.0;
		};
/* End PBXContainerItemProxy section */

/* Begin PBXFileReference section */
		792091321C65EC8200EA8E30 /* DropTV_2.0.app */ = {isa = PBXFileReference; explicitFileType = wrapper.application; includeInIndex = 0; path = DropTV_2.0.app; sourceTree = BUILT_PRODUCTS_DIR; };
		792091351C65EC8200EA8E30 /* AppDelegate.swift */ = {isa = PBXFileReference; lastKnownFileType = sourcecode.swift; path = AppDelegate.swift; sourceTree = "<group>"; };
		792091371C65EC8200EA8E30 /* ViewController.swift */ = {isa = PBXFileReference; lastKnownFileType = sourcecode.swift; path = ViewController.swift; sourceTree = "<group>"; };
		7920913A1C65EC8200EA8E30 /* Base */ = {isa = PBXFileReference; lastKnownFileType = file.storyboard; name = Base; path = Base.lproj/Main.storyboard; sourceTree = "<group>"; };
		7920913C1C65EC8200EA8E30 /* Assets.xcassets */ = {isa = PBXFileReference; lastKnownFileType = folder.assetcatalog; path = Assets.xcassets; sourceTree = "<group>"; };
		7920913F1C65EC8200EA8E30 /* Base */ = {isa = PBXFileReference; lastKnownFileType = file.storyboard; name = Base; path = Base.lproj/LaunchScreen.storyboard; sourceTree = "<group>"; };
		792091411C65EC8200EA8E30 /* Info.plist */ = {isa = PBXFileReference; lastKnownFileType = text.plist.xml; path = Info.plist; sourceTree = "<group>"; };
		792091461C65EC8200EA8E30 /* DropTV_2.0Tests.xctest */ = {isa = PBXFileReference; explicitFileType = wrapper.cfbundle; includeInIndex = 0; path = DropTV_2.0Tests.xctest; sourceTree = BUILT_PRODUCTS_DIR; };
		7920914A1C65EC8200EA8E30 /* DropTV_2_0Tests.swift */ = {isa = PBXFileReference; lastKnownFileType = sourcecode.swift; path = DropTV_2_0Tests.swift; sourceTree = "<group>"; };
		7920914C1C65EC8200EA8E30 /* Info.plist */ = {isa = PBXFileReference; lastKnownFileType = text.plist.xml; path = Info.plist; sourceTree = "<group>"; };
		792091511C65EC8200EA8E30 /* DropTV_2.0UITests.xctest */ = {isa = PBXFileReference; explicitFileType = wrapper.cfbundle; includeInIndex = 0; path = DropTV_2.0UITests.xctest; sourceTree = BUILT_PRODUCTS_DIR; };
		792091551C65EC8200EA8E30 /* DropTV_2_0UITests.swift */ = {isa = PBXFileReference; lastKnownFileType = sourcecode.swift; path = DropTV_2_0UITests.swift; sourceTree = "<group>"; };
		792091571C65EC8200EA8E30 /* Info.plist */ = {isa = PBXFileReference; lastKnownFileType = text.plist.xml; path = Info.plist; sourceTree = "<group>"; };
/* End PBXFileReference section */

/* Begin PBXFrameworksBuildPhase section */
		7920912F1C65EC8200EA8E30 /* Frameworks */ = {
			isa = PBXFrameworksBuildPhase;
			buildActionMask = 2147483647;
			files = (
			);
			runOnlyForDeploymentPostprocessing = 0;
		};
		792091431C65EC8200EA8E30 /* Frameworks */ = {
			isa = PBXFrameworksBuildPhase;
			buildActionMask = 2147483647;
			files = (
			);
			runOnlyForDeploymentPostprocessing = 0;
		};
		7920914E1C65EC8200EA8E30 /* Frameworks */ = {
			isa = PBXFrameworksBuildPhase;
			buildActionMask = 2147483647;
			files = (
			);
			runOnlyForDeploymentPostprocessing = 0;
		};
/* End PBXFrameworksBuildPhase section */

/* Begin PBXGroup section */
		792091291C65EC8200EA8E30 = {
			isa = PBXGroup;
			children = (
				792091341C65EC8200EA8E30 /* DropTV_2.0 */,
				792091491C65EC8200EA8E30 /* DropTV_2.0Tests */,
				792091541C65EC8200EA8E30 /* DropTV_2.0UITests */,
				792091331C65EC8200EA8E30 /* Products */,
			);
			sourceTree = "<group>";
		};
		792091331C65EC8200EA8E30 /* Products */ = {
			isa = PBXGroup;
			children = (
				792091321C65EC8200EA8E30 /* DropTV_2.0.app */,
				792091461C65EC8200EA8E30 /* DropTV_2.0Tests.xctest */,
				792091511C65EC8200EA8E30 /* DropTV_2.0UITests.xctest */,
			);
			name = Products;
			sourceTree = "<group>";
		};
		792091341C65EC8200EA8E30 /* DropTV_2.0 */ = {
			isa = PBXGroup;
			children = (
				792091351C65EC8200EA8E30 /* AppDelegate.swift */,
				792091371C65EC8200EA8E30 /* ViewController.swift */,
				792091391C65EC8200EA8E30 /* Main.storyboard */,
				7920913C1C65EC8200EA8E30 /* Assets.xcassets */,
				7920913E1C65EC8200EA8E30 /* LaunchScreen.storyboard */,
				792091411C65EC8200EA8E30 /* Info.plist */,
			);
			path = DropTV_2.0;
			sourceTree = "<group>";
		};
		792091491C65EC8200EA8E30 /* DropTV_2.0Tests */ = {
			isa = PBXGroup;
			children = (
				7920914A1C65EC8200EA8E30 /* DropTV_2_0Tests.swift */,
				7920914C1C65EC8200EA8E30 /* Info.plist */,
			);
			path = DropTV_2.0Tests;
			sourceTree = "<group>";
		};
		792091541C65EC8200EA8E30 /* DropTV_2.0UITests */ = {
			isa = PBXGroup;
			children = (
				792091551C65EC8200EA8E30 /* DropTV_2_0UITests.swift */,
				792091571C65EC8200EA8E30 /* Info.plist */,
			);
			path = DropTV_2.0UITests;
			sourceTree = "<group>";
		};
/* End PBXGroup section */

/* Begin PBXNativeTarget section */
		792091311C65EC8200EA8E30 /* DropTV_2.0 */ = {
			isa = PBXNativeTarget;
			buildConfigurationList = 7920915A1C65EC8200EA8E30 /* Build configuration list for PBXNativeTarget "DropTV_2.0" */;
			buildPhases = (
				7920912E1C65EC8200EA8E30 /* Sources */,
				7920912F1C65EC8200EA8E30 /* Frameworks */,
				792091301C65EC8200EA8E30 /* Resources */,
			);
			buildRules = (
			);
			dependencies = (
			);
			name = DropTV_2.0;
			productName = DropTV_2.0;
			productReference = 792091321C65EC8200EA8E30 /* DropTV_2.0.app */;
			productType = "com.apple.product-type.application";
		};
		792091451C65EC8200EA8E30 /* DropTV_2.0Tests */ = {
			isa = PBXNativeTarget;
			buildConfigurationList = 7920915D1C65EC8200EA8E30 /* Build configuration list for PBXNativeTarget "DropTV_2.0Tests" */;
			buildPhases = (
				792091421C65EC8200EA8E30 /* Sources */,
				792091431C65EC8200EA8E30 /* Frameworks */,
				792091441C65EC8200EA8E30 /* Resources */,
			);
			buildRules = (
			);
			dependencies = (
				792091481C65EC8200EA8E30 /* PBXTargetDependency */,
			);
			name = DropTV_2.0Tests;
			productName = DropTV_2.0Tests;
			productReference = 792091461C65EC8200EA8E30 /* DropTV_2.0Tests.xctest */;
			productType = "com.apple.product-type.bundle.unit-test";
		};
		792091501C65EC8200EA8E30 /* DropTV_2.0UITests */ = {
			isa = PBXNativeTarget;
			buildConfigurationList = 792091601C65EC8200EA8E30 /* Build configuration list for PBXNativeTarget "DropTV_2.0UITests" */;
			buildPhases = (
				7920914D1C65EC8200EA8E30 /* Sources */,
				7920914E1C65EC8200EA8E30 /* Frameworks */,
				7920914F1C65EC8200EA8E30 /* Resources */,
			);
			buildRules = (
			);
			dependencies = (
				792091531C65EC8200EA8E30 /* PBXTargetDependency */,
			);
			name = DropTV_2.0UITests;
			productName = DropTV_2.0UITests;
			productReference = 792091511C65EC8200EA8E30 /* DropTV_2.0UITests.xctest */;
			productType = "com.apple.product-type.bundle.ui-testing";
		};
/* End PBXNativeTarget section */

/* Begin PBXProject section */
		7920912A1C65EC8200EA8E30 /* Project object */ = {
			isa = PBXProject;
			attributes = {
				LastSwiftUpdateCheck = 0720;
				LastUpgradeCheck = 0720;
				ORGANIZATIONNAME = tw_itri;
				TargetAttributes = {
					792091311C65EC8200EA8E30 = {
						CreatedOnToolsVersion = 7.2.1;
					};
					792091451C65EC8200EA8E30 = {
						CreatedOnToolsVersion = 7.2.1;
						TestTargetID = 792091311C65EC8200EA8E30;
					};
					792091501C65EC8200EA8E30 = {
						CreatedOnToolsVersion = 7.2.1;
						TestTargetID = 792091311C65EC8200EA8E30;
					};
				};
			};
			buildConfigurationList = 7920912D1C65EC8200EA8E30 /* Build configuration list for PBXProject "DropTV_2.0" */;
			compatibilityVersion = "Xcode 3.2";
			developmentRegion = English;
			hasScannedForEncodings = 0;
			knownRegions = (
				en,
				Base,
			);
			mainGroup = 792091291C65EC8200EA8E30;
			productRefGroup = 792091331C65EC8200EA8E30 /* Products */;
			projectDirPath = "";
			projectRoot = "";
			targets = (
				792091311C65EC8200EA8E30 /* DropTV_2.0 */,
				792091451C65EC8200EA8E30 /* DropTV_2.0Tests */,
				792091501C65EC8200EA8E30 /* DropTV_2.0UITests */,
			);
		};
/* End PBXProject section */

/* Begin PBXResourcesBuildPhase section */
		792091301C65EC8200EA8E30 /* Resources */ = {
			isa = PBXResourcesBuildPhase;
			buildActionMask = 2147483647;
			files = (
				792091401C65EC8200EA8E30 /* LaunchScreen.storyboard in Resources */,
				7920913D1C65EC8200EA8E30 /* Assets.xcassets in Resources */,
				7920913B1C65EC8200EA8E30 /* Main.storyboard in Resources */,
			);
			runOnlyForDeploymentPostprocessing = 0;
		};
		792091441C65EC8200EA8E30 /* Resources */ = {
			isa = PBXResourcesBuildPhase;
			buildActionMask = 2147483647;
			files = (
			);
			runOnlyForDeploymentPostprocessing = 0;
		};
		7920914F1C65EC8200EA8E30 /* Resources */ = {
			isa = PBXResourcesBuildPhase;
			buildActionMask = 2147483647;
			files = (
			);
			runOnlyForDeploymentPostprocessing = 0;
		};
/* End PBXResourcesBuildPhase section */

/* Begin PBXSourcesBuildPhase section */
		7920912E1C65EC8200EA8E30 /* Sources */ = {
			isa = PBXSourcesBuildPhase;
			buildActionMask = 2147483647;
			files = (
				792091381C65EC8200EA8E30 /* ViewController.swift in Sources */,
				792091361C65EC8200EA8E30 /* AppDelegate.swift in Sources */,
			);
			runOnlyForDeploymentPostprocessing = 0;
		};
		792091421C65EC8200EA8E30 /* Sources */ = {
			isa = PBXSourcesBuildPhase;
			buildActionMask = 2147483647;
			files = (
				7920914B1C65EC8200EA8E30 /* DropTV_2_0Tests.swift in Sources */,
			);
			runOnlyForDeploymentPostprocessing = 0;
		};
		7920914D1C65EC8200EA8E30 /* Sources */ = {
			isa = PBXSourcesBuildPhase;
			buildActionMask = 2147483647;
			files = (
				792091561C65EC8200EA8E30 /* DropTV_2_0UITests.swift in Sources */,
			);
			runOnlyForDeploymentPostprocessing = 0;
		};
/* End PBXSourcesBuildPhase section */

/* Begin PBXTargetDependency section */
		792091481C65EC8200EA8E30 /* PBXTargetDependency */ = {
			isa = PBXTargetDependency;
			target = 792091311C65EC8200EA8E30 /* DropTV_2.0 */;
			targetProxy = 792091471C65EC8200EA8E30 /* PBXContainerItemProxy */;
		};
		792091531C65EC8200EA8E30 /* PBXTargetDependency */ = {
			isa = PBXTargetDependency;
			target = 792091311C65EC8200EA8E30 /* DropTV_2.0 */;
			targetProxy = 792091521C65EC8200EA8E30 /* PBXContainerItemProxy */;
		};
/* End PBXTargetDependency section */

/* Begin PBXVariantGroup section */
		792091391C65EC8200EA8E30 /* Main.storyboard */ = {
			isa = PBXVariantGroup;
			children = (
				7920913A1C65EC8200EA8E30 /* Base */,
			);
			name = Main.storyboard;
			sourceTree = "<group>";
		};
		7920913E1C65EC8200EA8E30 /* LaunchScreen.storyboard */ = {
			isa = PBXVariantGroup;
			children = (
				7920913F1C65EC8200EA8E30 /* Base */,
			);
			name = LaunchScreen.storyboard;
			sourceTree = "<group>";
		};
/* End PBXVariantGroup section */

/* Begin XCBuildConfiguration section */
		792091581C65EC8200EA8E30 /* Debug */ = {
			isa = XCBuildConfiguration;
			buildSettings = {
				ALWAYS_SEARCH_USER_PATHS = NO;
				CLANG_CXX_LANGUAGE_STANDARD = "gnu++0x";
				CLANG_CXX_LIBRARY = "libc++";
				CLANG_ENABLE_MODULES = YES;
				CLANG_ENABLE_OBJC_ARC = YES;
				CLANG_WARN_BOOL_CONVERSION = YES;
				CLANG_WARN_CONSTANT_CONVERSION = YES;
				CLANG_WARN_DIRECT_OBJC_ISA_USAGE = YES_ERROR;
				CLANG_WARN_EMPTY_BODY = YES;
				CLANG_WARN_ENUM_CONVERSION = YES;
				CLANG_WARN_INT_CONVERSION = YES;
				CLANG_WARN_OBJC_ROOT_CLASS = YES_ERROR;
				CLANG_WARN_UNREACHABLE_CODE = YES;
				CLANG_WARN__DUPLICATE_METHOD_MATCH = YES;
				"CODE_SIGN_IDENTITY[sdk=iphoneos*]" = "iPhone Developer";
				COPY_PHASE_STRIP = NO;
				DEBUG_INFORMATION_FORMAT = dwarf;
				ENABLE_STRICT_OBJC_MSGSEND = YES;
				ENABLE_TESTABILITY = YES;
				GCC_C_LANGUAGE_STANDARD = gnu99;
				GCC_DYNAMIC_NO_PIC = NO;
				GCC_NO_COMMON_BLOCKS = YES;
				GCC_OPTIMIZATION_LEVEL = 0;
				GCC_PREPROCESSOR_DEFINITIONS = (
					"DEBUG=1",
					"$(inherited)",
				);
				GCC_WARN_64_TO_32_BIT_CONVERSION = YES;
				GCC_WARN_ABOUT_RETURN_TYPE = YES_ERROR;
				GCC_WARN_UNDECLARED_SELECTOR = YES;
				GCC_WARN_UNINITIALIZED_AUTOS = YES_AGGRESSIVE;
				GCC_WARN_UNUSED_FUNCTION = YES;
				GCC_WARN_UNUSED_VARIABLE = YES;
				IPHONEOS_DEPLOYMENT_TARGET = 9.2;
				MTL_ENABLE_DEBUG_INFO = YES;
				ONLY_ACTIVE_ARCH = YES;
				SDKROOT = iphoneos;
				SWIFT_OPTIMIZATION_LEVEL = "-Onone";
			};
			name = Debug;
		};
		792091591C65EC8200EA8E30 /* Release */ = {
			isa = XCBuildConfiguration;
			buildSettings = {
				ALWAYS_SEARCH_USER_PATHS = NO;
				CLANG_CXX_LANGUAGE_STANDARD = "gnu++0x";
				CLANG_CXX_LIBRARY = "libc++";
				CLANG_ENABLE_MODULES = YES;
				CLANG_ENABLE_OBJC_ARC = YES;
				CLANG_WARN_BOOL_CONVERSION = YES;
				CLANG_WARN_CONSTANT_CONVERSION = YES;
				CLANG_WARN_DIRECT_OBJC_ISA_USAGE = YES_ERROR;
				CLANG_WARN_EMPTY_BODY = YES;
				CLANG_WARN_ENUM_CONVERSION = YES;
				CLANG_WARN_INT_CONVERSION = YES;
				CLANG_WARN_OBJC_ROOT_CLASS = YES_ERROR;
				CLANG_WARN_UNREACHABLE_CODE = YES;
				CLANG_WARN__DUPLICATE_METHOD_MATCH = YES;
				"CODE_SIGN_IDENTITY[sdk=iphoneos*]" = "iPhone Developer";
				COPY_PHASE_STRIP = NO;
				DEBUG_INFORMATION_FORMAT = "dwarf-with-dsym";
				ENABLE_NS_ASSERTIONS = NO;
				ENABLE_STRICT_OBJC_MSGSEND = YES;
				GCC_C_LANGUAGE_STANDARD = gnu99;
				GCC_NO_COMMON_BLOCKS = YES;
				GCC_WARN_64_TO_32_BIT_CONVERSION = YES;
				GCC_WARN_ABOUT_RETURN_TYPE = YES_ERROR;
				GCC_WARN_UNDECLARED_SELECTOR = YES;
				GCC_WARN_UNINITIALIZED_AUTOS = YES_AGGRESSIVE;
				GCC_WARN_UNUSED_FUNCTION = YES;
				GCC_WARN_UNUSED_VARIABLE = YES;
				IPHONEOS_DEPLOYMENT_TARGET = 9.2;
				MTL_ENABLE_DEBUG_INFO = NO;
				SDKROOT = iphoneos;
				VALIDATE_PRODUCT = YES;
			};
			name = Release;
		};
		7920915B1C65EC8200EA8E30 /* Debug */ = {
			isa = XCBuildConfiguration;
			buildSettings = {
				ASSETCATALOG_COMPILER_APPICON_NAME = AppIcon;
				INFOPLIST_FILE = DropTV_2.0/Info.plist;
				LD_RUNPATH_SEARCH_PATHS = "$(inherited) @executable_path/Frameworks";
				PRODUCT_BUNDLE_IDENTIFIER = "com.tw-itri.DropTV-2-0";
				PRODUCT_NAME = "$(TARGET_NAME)";
			};
			name = Debug;
		};
		7920915C1C65EC8200EA8E30 /* Release */ = {
			isa = XCBuildConfiguration;
			buildSettings = {
				ASSETCATALOG_COMPILER_APPICON_NAME = AppIcon;
				INFOPLIST_FILE = DropTV_2.0/Info.plist;
				LD_RUNPATH_SEARCH_PATHS = "$(inherited) @executable_path/Frameworks";
				PRODUCT_BUNDLE_IDENTIFIER = "com.tw-itri.DropTV-2-0";
				PRODUCT_NAME = "$(TARGET_NAME)";
			};
			name = Release;
		};
		7920915E1C65EC8200EA8E30 /* Debug */ = {
			isa = XCBuildConfiguration;
			buildSettings = {
				BUNDLE_LOADER = "$(TEST_HOST)";
				INFOPLIST_FILE = DropTV_2.0Tests/Info.plist;
				LD_RUNPATH_SEARCH_PATHS = "$(inherited) @executable_path/Frameworks @loader_path/Frameworks";
				PRODUCT_BUNDLE_IDENTIFIER = "com.tw-itri.DropTV-2-0Tests";
				PRODUCT_NAME = "$(TARGET_NAME)";
				TEST_HOST = "$(BUILT_PRODUCTS_DIR)/DropTV_2.0.app/DropTV_2.0";
			};
			name = Debug;
		};
		7920915F1C65EC8200EA8E30 /* Release */ = {
			isa = XCBuildConfiguration;
			buildSettings = {
				BUNDLE_LOADER = "$(TEST_HOST)";
				INFOPLIST_FILE = DropTV_2.0Tests/Info.plist;
				LD_RUNPATH_SEARCH_PATHS = "$(inherited) @executable_path/Frameworks @loader_path/Frameworks";
				PRODUCT_BUNDLE_IDENTIFIER = "com.tw-itri.DropTV-2-0Tests";
				PRODUCT_NAME = "$(TARGET_NAME)";
				TEST_HOST = "$(BUILT_PRODUCTS_DIR)/DropTV_2.0.app/DropTV_2.0";
			};
			name = Release;
		};
		792091611C65EC8200EA8E30 /* Debug */ = {
			isa = XCBuildConfiguration;
			buildSettings = {
				INFOPLIST_FILE = DropTV_2.0UITests/Info.plist;
				LD_RUNPATH_SEARCH_PATHS = "$(inherited) @executable_path/Frameworks @loader_path/Frameworks";
				PRODUCT_BUNDLE_IDENTIFIER = "com.tw-itri.DropTV-2-0UITests";
				PRODUCT_NAME = "$(TARGET_NAME)";
				TEST_TARGET_NAME = DropTV_2.0;
				USES_XCTRUNNER = YES;
			};
			name = Debug;
		};
		792091621C65EC8200EA8E30 /* Release */ = {
			isa = XCBuildConfiguration;
			buildSettings = {
				INFOPLIST_FILE = DropTV_2.0UITests/Info.plist;
				LD_RUNPATH_SEARCH_PATHS = "$(inherited) @executable_path/Frameworks @loader_path/Frameworks";
				PRODUCT_BUNDLE_IDENTIFIER = "com.tw-itri.DropTV-2-0UITests";
				PRODUCT_NAME = "$(TARGET_NAME)";
				TEST_TARGET_NAME = DropTV_2.0;
				USES_XCTRUNNER = YES;
			};
			name = Release;
		};
/* End XCBuildConfiguration section */

/* Begin XCConfigurationList section */
		7920912D1C65EC8200EA8E30 /* Build configuration list for PBXProject "DropTV_2.0" */ = {
			isa = XCConfigurationList;
			buildConfigurations = (
				792091581C65EC8200EA8E30 /* Debug */,
				792091591C65EC8200EA8E30 /* Release */,
			);
			defaultConfigurationIsVisible = 0;
			defaultConfigurationName = Release;
		};
		7920915A1C65EC8200EA8E30 /* Build configuration list for PBXNativeTarget "DropTV_2.0" */ = {
			isa = XCConfigurationList;
			buildConfigurations = (
				7920915B1C65EC8200EA8E30 /* Debug */,
				7920915C1C65EC8200EA8E30 /* Release */,
			);
			defaultConfigurationIsVisible = 0;
		};
		7920915D1C65EC8200EA8E30 /* Build configuration list for PBXNativeTarget "DropTV_2.0Tests" */ = {
			isa = XCConfigurationList;
			buildConfigurations = (
				7920915E1C65EC8200EA8E30 /* Debug */,
				7920915F1C65EC8200EA8E30 /* Release */,
			);
			defaultConfigurationIsVisible = 0;
		};
		792091601C65EC8200EA8E30 /* Build configuration list for PBXNativeTarget "DropTV_2.0UITests" */ = {
			isa = XCConfigurationList;
			buildConfigurations = (
				792091611C65EC8200EA8E30 /* Debug */,
				792091621C65EC8200EA8E30 /* Release */,
			);
			defaultConfigurationIsVisible = 0;
		};
/* End XCConfigurationList section */
	};
	rootObject = 7920912A1C65EC8200EA8E30 /* Project object */;
}
